
Microsoft Visual Studio Solution File, Format Version 12.00
# Visual Studio Version 17
VisualStudioVersion = 17.6.33829.357
MinimumVisualStudioVersion = 10.0.40219.1
Project("{FAE04EC0-301F-11D3-BF4B-00C04F79EFBC}") = "EsoftProject", "EsoftProject\EsoftProject.csproj", "{AC873ACA-B673-48E2-9F7F-2295F8037276}"
EndProject
Global
	GlobalSection(SolutionConfigurationPlatforms) = preSolution
		Debug|Any CPU = Debug|Any CPU
		Release|Any CPU = Release|Any CPU
	EndGlobalSection
	GlobalSection(ProjectConfigurationPlatforms) = postSolution
		{AC873ACA-B673-48E2-9F7F-2295F8037276}.Debug|Any CPU.ActiveCfg = Debug|Any CPU
		{AC873ACA-B673-48E2-9F7F-2295F8037276}.Debug|Any CPU.Build.0 = Debug|Any CPU
		{AC873ACA-B673-48E2-9F7F-2295F8037276}.Release|Any CPU.ActiveCfg = Release|Any CPU
		{AC873ACA-B673-48E2-9F7F-2295F8037276}.Release|Any CPU.Build.0 = Release|Any CPU
	EndGlobalSection
	GlobalSection(SolutionProperties) = preSolution
		HideSolutionNode = FALSE
	EndGlobalSection
	GlobalSection(ExtensibilityGlobals) = postSolution
		SolutionGuid = {0F39BF51-4C47-45D8-AC4D-4BFC1E06FE57}
	EndGlobalSection
EndGlobal
